{
  "checksum": "70afbb689b5ac5de4dec44fa441b1e7b67c8cfd94b11f665c7ce1a1c74366ffe",
  "crates": {
    "byteorder 1.4.3": {
      "name": "byteorder",
      "version": "1.4.3",
      "repository": {
        "Http": {
          "url": "https://crates.io/api/v1/crates/byteorder/1.4.3/download",
          "sha256": "14c189c53d098945499cdfa7ecc63567cf3886b3332b312a5b4585d8d3a6a610"
        }
      },
      "targets": [
        {
          "Library": {
            "crate_name": "byteorder",
            "crate_root": "src/lib.rs",
            "srcs": {
              "include": [
                "**/*.rs"
              ],
              "exclude": []
            }
          }
        }
      ],
      "library_target_name": "byteorder",
      "common_attrs": {
        "compile_data_glob": [
          "**"
        ],
        "crate_features": [
          "default",
          "std"
        ],
        "edition": "2018",
        "version": "1.4.3"
      },
      "license": "Unlicense OR MIT"
    },
    "cc 1.0.73": {
      "name": "cc",
      "version": "1.0.73",
      "repository": {
        "Http": {
          "url": "https://crates.io/api/v1/crates/cc/1.0.73/download",
          "sha256": "2fff2a6927b3bb87f9595d67196a70493f627687a71d87a0d692242c33f58c11"
        }
      },
      "targets": [
        {
          "Library": {
            "crate_name": "cc",
            "crate_root": "src/lib.rs",
            "srcs": {
              "include": [
                "**/*.rs"
              ],
              "exclude": []
            }
          }
        },
        {
          "Binary": {
            "crate_name": "gcc-shim",
            "crate_root": "src/bin/gcc-shim.rs",
            "srcs": {
              "include": [
                "**/*.rs"
              ],
              "exclude": []
            }
          }
        }
      ],
      "library_target_name": "cc",
      "common_attrs": {
        "compile_data_glob": [
          "**"
        ],
        "edition": "2018",
        "version": "1.0.73"
      },
      "license": "MIT/Apache-2.0"
    },
    "cxx 1.0.68": {
      "name": "cxx",
      "version": "1.0.68",
      "repository": {
        "Http": {
          "url": "https://crates.io/api/v1/crates/cxx/1.0.68/download",
          "sha256": "7e599641dff337570f6aa9c304ecca92341d30bf72e1c50287869ed6a36615a6"
        }
      },
      "targets": [
        {
          "Library": {
            "crate_name": "cxx",
            "crate_root": "src/lib.rs",
            "srcs": {
              "include": [
                "**/*.rs"
              ],
              "exclude": []
            }
          }
        },
        {
          "BuildScript": {
            "crate_name": "build_script_build",
            "crate_root": "build.rs",
            "srcs": {
              "include": [
                "**/*.rs"
              ],
              "exclude": []
            }
          }
        }
      ],
      "library_target_name": "cxx",
      "common_attrs": {
        "compile_data_glob": [
          "**"
        ],
        "crate_features": [
          "alloc",
          "default",
          "std"
        ],
        "deps": {
          "common": [
            {
              "id": "cxx 1.0.68",
              "target": "build_script_build"
            },
            {
              "id": "link-cplusplus 1.0.6",
              "target": "link_cplusplus"
            }
          ],
          "selects": {}
        },
        "edition": "2018",
        "proc_macro_deps": {
          "common": [
            {
              "id": "cxxbridge-macro 1.0.68",
              "target": "cxxbridge_macro"
            }
          ],
          "selects": {}
        },
        "version": "1.0.68"
      },
      "build_script_attrs": {
        "data_glob": [
          "**"
        ],
        "deps": {
          "common": [
            {
              "id": "cc 1.0.73",
              "target": "cc"
            },
            {
              "id": "cxxbridge-flags 1.0.68",
              "target": "cxxbridge_flags"
            }
          ],
          "selects": {}
        },
        "links": "cxxbridge1"
      },
      "license": "MIT OR Apache-2.0"
    },
    "cxxbridge-flags 1.0.68": {
      "name": "cxxbridge-flags",
      "version": "1.0.68",
      "repository": {
        "Http": {
          "url": "https://crates.io/api/v1/crates/cxxbridge-flags/1.0.68/download",
          "sha256": "3894ad0c6d517cb5a4ce8ec20b37cd0ea31b480fe582a104c5db67ae21270853"
        }
      },
      "targets": [
        {
          "Library": {
            "crate_name": "cxxbridge_flags",
            "crate_root": "src/lib.rs",
            "srcs": {
              "include": [
                "**/*.rs"
              ],
              "exclude": []
            }
          }
        }
      ],
      "library_target_name": "cxxbridge_flags",
      "common_attrs": {
        "compile_data_glob": [
          "**"
        ],
        "crate_features": [
          "default"
        ],
        "edition": "2018",
        "version": "1.0.68"
      },
      "license": "MIT OR Apache-2.0"
    },
    "cxxbridge-macro 1.0.68": {
      "name": "cxxbridge-macro",
      "version": "1.0.68",
      "repository": {
        "Http": {
          "url": "https://crates.io/api/v1/crates/cxxbridge-macro/1.0.68/download",
          "sha256": "34fa7e395dc1c001083c7eed28c8f0f0b5a225610f3b6284675f444af6fab86b"
        }
      },
      "targets": [
        {
          "ProcMacro": {
            "crate_name": "cxxbridge_macro",
            "crate_root": "src/lib.rs",
            "srcs": {
              "include": [
                "**/*.rs"
              ],
              "exclude": []
            }
          }
        }
      ],
      "library_target_name": "cxxbridge_macro",
      "common_attrs": {
        "compile_data_glob": [
          "**"
        ],
        "deps": {
          "common": [
            {
              "id": "proc-macro2 1.0.39",
              "target": "proc_macro2"
            },
            {
              "id": "quote 1.0.18",
              "target": "quote"
            },
            {
              "id": "syn 1.0.96",
              "target": "syn"
            }
          ],
          "selects": {}
        },
        "edition": "2018",
        "version": "1.0.68"
      },
      "license": "MIT OR Apache-2.0"
    },
    "diesel 1.4.8": {
      "name": "diesel",
      "version": "1.4.8",
      "repository": {
        "Http": {
          "url": "https://crates.io/api/v1/crates/diesel/1.4.8/download",
          "sha256": "b28135ecf6b7d446b43e27e225622a038cc4e2930a1022f51cdb97ada19b8e4d"
        }
      },
      "targets": [
        {
          "Library": {
            "crate_name": "diesel",
            "crate_root": "src/lib.rs",
            "srcs": {
              "include": [
                "**/*.rs"
              ],
              "exclude": []
            }
          }
        }
      ],
      "library_target_name": "diesel",
      "common_attrs": {
        "compile_data_glob": [
          "**"
        ],
        "crate_features": [
          "32-column-tables",
          "default",
          "libsqlite3-sys",
          "sqlite",
          "with-deprecated"
        ],
        "deps": {
          "common": [
            {
              "id": "byteorder 1.4.3",
              "target": "byteorder"
            },
            {
              "id": "libsqlite3-sys 0.22.2",
              "target": "libsqlite3_sys"
            }
          ],
          "selects": {}
        },
        "edition": "2015",
        "proc_macro_deps": {
          "common": [
            {
              "id": "diesel_derives 1.4.1",
              "target": "diesel_derives"
            }
          ],
          "selects": {}
        },
        "version": "1.4.8"
      },
      "license": "MIT OR Apache-2.0"
    },
    "diesel_derives 1.4.1": {
      "name": "diesel_derives",
      "version": "1.4.1",
      "repository": {
        "Http": {
          "url": "https://crates.io/api/v1/crates/diesel_derives/1.4.1/download",
          "sha256": "45f5098f628d02a7a0f68ddba586fb61e80edec3bdc1be3b921f4ceec60858d3"
        }
      },
      "targets": [
        {
          "ProcMacro": {
            "crate_name": "diesel_derives",
            "crate_root": "src/lib.rs",
            "srcs": {
              "include": [
                "**/*.rs"
              ],
              "exclude": []
            }
          }
        }
      ],
      "library_target_name": "diesel_derives",
      "common_attrs": {
        "compile_data_glob": [
          "**"
        ],
        "crate_features": [
          "default",
          "sqlite"
        ],
        "deps": {
          "common": [
            {
              "id": "proc-macro2 1.0.39",
              "target": "proc_macro2"
            },
            {
              "id": "quote 1.0.18",
              "target": "quote"
            },
            {
              "id": "syn 1.0.96",
              "target": "syn"
            }
          ],
          "selects": {}
        },
        "edition": "2015",
        "version": "1.4.1"
      },
      "license": "MIT OR Apache-2.0"
    },
    "direct-cargo-bazel-deps 0.0.1": {
      "name": "direct-cargo-bazel-deps",
      "version": "0.0.1",
      "repository": null,
      "targets": [
        {
          "Library": {
            "crate_name": "direct_cargo_bazel_deps",
            "crate_root": ".direct_cargo_bazel_deps.rs",
            "srcs": {
              "include": [
                "**/*.rs"
              ],
              "exclude": []
            }
          }
        }
      ],
      "library_target_name": "direct_cargo_bazel_deps",
      "common_attrs": {
        "compile_data_glob": [
          "**"
        ],
        "deps": {
          "common": [
            {
              "id": "cxx 1.0.68",
              "target": "cxx"
            },
            {
              "id": "diesel 1.4.8",
              "target": "diesel"
            }
          ],
          "selects": {}
        },
        "edition": "2018",
        "version": "0.0.1"
      },
      "license": null
    },
    "libsqlite3-sys 0.22.2": {
      "name": "libsqlite3-sys",
      "version": "0.22.2",
      "repository": {
        "Http": {
          "url": "https://crates.io/api/v1/crates/libsqlite3-sys/0.22.2/download",
          "sha256": "290b64917f8b0cb885d9de0f9959fe1f775d7fa12f1da2db9001c1c8ab60f89d"
        }
      },
      "targets": [
        {
          "Library": {
            "crate_name": "libsqlite3_sys",
            "crate_root": "src/lib.rs",
            "srcs": {
              "include": [
                "**/*.rs"
              ],
              "exclude": []
            }
          }
        },
        {
          "BuildScript": {
            "crate_name": "build_script_build",
            "crate_root": "build.rs",
            "srcs": {
              "include": [
                "**/*.rs"
              ],
              "exclude": []
            }
          }
        }
      ],
      "library_target_name": "libsqlite3_sys",
      "common_attrs": {
        "compile_data_glob": [
          "**"
        ],
        "crate_features": [
          "default",
          "min_sqlite_version_3_6_8",
          "min_sqlite_version_3_7_16",
          "pkg-config",
          "vcpkg"
        ],
        "deps": {
          "common": [
            {
              "id": "libsqlite3-sys 0.22.2",
              "target": "build_script_build"
            }
          ],
          "selects": {}
        },
        "edition": "2018",
        "version": "0.22.2"
      },
      "build_script_attrs": {
        "data_glob": [
          "**"
        ],
        "deps": {
          "common": [
            {
              "id": "pkg-config 0.3.25",
              "target": "pkg_config"
            }
          ],
          "selects": {
            "cfg(target_env = \"msvc\")": [
              {
                "id": "vcpkg 0.2.15",
                "target": "vcpkg"
              }
            ]
          }
        },
        "links": "sqlite3"
      },
      "license": "MIT"
    },
    "link-cplusplus 1.0.6": {
      "name": "link-cplusplus",
      "version": "1.0.6",
      "repository": {
        "Http": {
          "url": "https://crates.io/api/v1/crates/link-cplusplus/1.0.6/download",
          "sha256": "f8cae2cd7ba2f3f63938b9c724475dfb7b9861b545a90324476324ed21dbc8c8"
        }
      },
      "targets": [
        {
          "Library": {
            "crate_name": "link_cplusplus",
            "crate_root": "src/lib.rs",
            "srcs": {
              "include": [
                "**/*.rs"
              ],
              "exclude": []
            }
          }
        },
        {
          "BuildScript": {
            "crate_name": "build_script_build",
            "crate_root": "build.rs",
            "srcs": {
              "include": [
                "**/*.rs"
              ],
              "exclude": []
            }
          }
        }
      ],
      "library_target_name": "link_cplusplus",
      "common_attrs": {
        "compile_data_glob": [
          "**"
        ],
        "crate_features": [
          "default"
        ],
        "deps": {
          "common": [
            {
              "id": "link-cplusplus 1.0.6",
              "target": "build_script_build"
            }
          ],
          "selects": {}
        },
        "edition": "2018",
        "version": "1.0.6"
      },
      "build_script_attrs": {
        "data_glob": [
          "**"
        ],
        "deps": {
          "common": [
            {
              "id": "cc 1.0.73",
              "target": "cc"
            }
          ],
          "selects": {}
        },
        "links": "cplusplus"
      },
      "license": "MIT OR Apache-2.0"
    },
    "pkg-config 0.3.25": {
      "name": "pkg-config",
      "version": "0.3.25",
      "repository": {
        "Http": {
          "url": "https://crates.io/api/v1/crates/pkg-config/0.3.25/download",
          "sha256": "1df8c4ec4b0627e53bdf214615ad287367e482558cf84b109250b37464dc03ae"
        }
      },
      "targets": [
        {
          "Library": {
            "crate_name": "pkg_config",
            "crate_root": "src/lib.rs",
            "srcs": {
              "include": [
                "**/*.rs"
              ],
              "exclude": []
            }
          }
        }
      ],
      "library_target_name": "pkg_config",
      "common_attrs": {
        "compile_data_glob": [
          "**"
        ],
        "edition": "2015",
        "version": "0.3.25"
      },
      "license": "MIT OR Apache-2.0"
    },
    "proc-macro2 1.0.39": {
      "name": "proc-macro2",
      "version": "1.0.39",
      "repository": {
        "Http": {
          "url": "https://crates.io/api/v1/crates/proc-macro2/1.0.39/download",
          "sha256": "c54b25569025b7fc9651de43004ae593a75ad88543b17178aa5e1b9c4f15f56f"
        }
      },
      "targets": [
        {
          "Library": {
            "crate_name": "proc_macro2",
            "crate_root": "src/lib.rs",
            "srcs": {
              "include": [
                "**/*.rs"
              ],
              "exclude": []
            }
          }
        },
        {
          "BuildScript": {
            "crate_name": "build_script_build",
            "crate_root": "build.rs",
            "srcs": {
              "include": [
                "**/*.rs"
              ],
              "exclude": []
            }
          }
        }
      ],
      "library_target_name": "proc_macro2",
      "common_attrs": {
        "compile_data_glob": [
          "**"
        ],
        "crate_features": [
          "default",
          "proc-macro"
        ],
        "deps": {
          "common": [
            {
              "id": "proc-macro2 1.0.39",
              "target": "build_script_build"
            },
            {
              "id": "unicode-ident 1.0.1",
              "target": "unicode_ident"
            }
          ],
          "selects": {}
        },
        "edition": "2018",
        "version": "1.0.39"
      },
      "build_script_attrs": {
        "data_glob": [
          "**"
        ]
      },
      "license": "MIT OR Apache-2.0"
    },
    "quote 1.0.18": {
      "name": "quote",
      "version": "1.0.18",
      "repository": {
        "Http": {
          "url": "https://crates.io/api/v1/crates/quote/1.0.18/download",
          "sha256": "a1feb54ed693b93a84e14094943b84b7c4eae204c512b7ccb95ab0c66d278ad1"
        }
      },
      "targets": [
        {
          "Library": {
            "crate_name": "quote",
            "crate_root": "src/lib.rs",
            "srcs": {
              "include": [
                "**/*.rs"
              ],
              "exclude": []
            }
          }
        }
      ],
      "library_target_name": "quote",
      "common_attrs": {
        "compile_data_glob": [
          "**"
        ],
        "crate_features": [
          "default",
          "proc-macro"
        ],
        "deps": {
          "common": [
            {
              "id": "proc-macro2 1.0.39",
              "target": "proc_macro2"
            }
          ],
          "selects": {}
        },
        "edition": "2018",
        "version": "1.0.18"
      },
      "license": "MIT OR Apache-2.0"
    },
    "syn 1.0.96": {
      "name": "syn",
      "version": "1.0.96",
      "repository": {
        "Http": {
          "url": "https://crates.io/api/v1/crates/syn/1.0.96/download",
          "sha256": "0748dd251e24453cb8717f0354206b91557e4ec8703673a4b30208f2abaf1ebf"
        }
      },
      "targets": [
        {
          "Library": {
            "crate_name": "syn",
            "crate_root": "src/lib.rs",
            "srcs": {
              "include": [
                "**/*.rs"
              ],
              "exclude": []
            }
          }
        },
        {
          "BuildScript": {
            "crate_name": "build_script_build",
            "crate_root": "build.rs",
            "srcs": {
              "include": [
                "**/*.rs"
              ],
              "exclude": []
            }
          }
        }
      ],
      "library_target_name": "syn",
      "common_attrs": {
        "compile_data_glob": [
          "**"
        ],
        "crate_features": [
          "clone-impls",
          "default",
          "derive",
          "fold",
          "full",
          "parsing",
          "printing",
          "proc-macro",
          "quote"
        ],
        "deps": {
          "common": [
            {
              "id": "proc-macro2 1.0.39",
              "target": "proc_macro2"
            },
            {
              "id": "quote 1.0.18",
              "target": "quote"
            },
            {
              "id": "syn 1.0.96",
              "target": "build_script_build"
            },
            {
              "id": "unicode-ident 1.0.1",
              "target": "unicode_ident"
            }
          ],
          "selects": {}
        },
        "edition": "2018",
        "version": "1.0.96"
      },
      "build_script_attrs": {
        "data_glob": [
          "**"
        ]
      },
      "license": "MIT OR Apache-2.0"
    },
    "unicode-ident 1.0.1": {
      "name": "unicode-ident",
      "version": "1.0.1",
      "repository": {
        "Http": {
          "url": "https://crates.io/api/v1/crates/unicode-ident/1.0.1/download",
          "sha256": "5bd2fe26506023ed7b5e1e315add59d6f584c621d037f9368fea9cfb988f368c"
        }
      },
      "targets": [
        {
          "Library": {
            "crate_name": "unicode_ident",
            "crate_root": "src/lib.rs",
            "srcs": {
              "include": [
                "**/*.rs"
              ],
              "exclude": []
            }
          }
        }
      ],
      "library_target_name": "unicode_ident",
      "common_attrs": {
        "compile_data_glob": [
          "**"
        ],
        "edition": "2018",
        "version": "1.0.1"
      },
      "license": "MIT OR Apache-2.0"
    },
    "vcpkg 0.2.15": {
      "name": "vcpkg",
      "version": "0.2.15",
      "repository": {
        "Http": {
          "url": "https://crates.io/api/v1/crates/vcpkg/0.2.15/download",
          "sha256": "accd4ea62f7bb7a82fe23066fb0957d48ef677f6eeb8215f372f52e48bb32426"
        }
      },
      "targets": [
        {
          "Library": {
            "crate_name": "vcpkg",
            "crate_root": "src/lib.rs",
            "srcs": {
              "include": [
                "**/*.rs"
              ],
              "exclude": []
            }
          }
        }
      ],
      "library_target_name": "vcpkg",
      "common_attrs": {
        "compile_data_glob": [
          "**"
        ],
        "edition": "2015",
        "version": "0.2.15"
      },
      "license": "MIT/Apache-2.0"
    }
  },
  "binary_crates": [
    "cc 1.0.73"
  ],
  "workspace_members": {
    "direct-cargo-bazel-deps 0.0.1": ""
  },
  "conditions": {
    "cfg(target_env = \"msvc\")": [
      "i686-pc-windows-msvc",
      "x86_64-pc-windows-msvc"
    ]
  }
}
